
Microsoft Visual Studio Solution File, Format Version 12.00
# Visual Studio Version 17
VisualStudioVersion = 17.4.33205.214
MinimumVisualStudioVersion = 10.0.40219.1
Project("{9A19103F-16F7-4668-BE54-9A1E7A4F7556}") = "CapitalMarketData.BackgroundTasks", "CapitalMarketData.BackgroundService\CapitalMarketData.BackgroundTasks.csproj", "{57549AAC-4094-4D0D-8E90-DBA48AA599C8}"
EndProject
Project("{9A19103F-16F7-4668-BE54-9A1E7A4F7556}") = "CapitalMarketData.Persistence", "CapitalMarketData.Persistence\CapitalMarketData.Persistence.csproj", "{FA78780F-01EB-49B5-8270-8861F0DF65F1}"
EndProject
Project("{9A19103F-16F7-4668-BE54-9A1E7A4F7556}") = "CapitalMarketData.Domain", "CapitalMarketData.Domain\CapitalMarketData.Domain.csproj", "{9430B2F5-16E7-4184-83C2-5688518DE0A2}"
EndProject
Global
	GlobalSection(SolutionConfigurationPlatforms) = preSolution
		Debug|Any CPU = Debug|Any CPU
		Release|Any CPU = Release|Any CPU
	EndGlobalSection
	GlobalSection(ProjectConfigurationPlatforms) = postSolution
		{57549AAC-4094-4D0D-8E90-DBA48AA599C8}.Debug|Any CPU.ActiveCfg = Debug|Any CPU
		{57549AAC-4094-4D0D-8E90-DBA48AA599C8}.Debug|Any CPU.Build.0 = Debug|Any CPU
		{57549AAC-4094-4D0D-8E90-DBA48AA599C8}.Release|Any CPU.ActiveCfg = Release|Any CPU
		{57549AAC-4094-4D0D-8E90-DBA48AA599C8}.Release|Any CPU.Build.0 = Release|Any CPU
		{FA78780F-01EB-49B5-8270-8861F0DF65F1}.Debug|Any CPU.ActiveCfg = Debug|Any CPU
		{FA78780F-01EB-49B5-8270-8861F0DF65F1}.Debug|Any CPU.Build.0 = Debug|Any CPU
		{FA78780F-01EB-49B5-8270-8861F0DF65F1}.Release|Any CPU.ActiveCfg = Release|Any CPU
		{FA78780F-01EB-49B5-8270-8861F0DF65F1}.Release|Any CPU.Build.0 = Release|Any CPU
		{9430B2F5-16E7-4184-83C2-5688518DE0A2}.Debug|Any CPU.ActiveCfg = Debug|Any CPU
		{9430B2F5-16E7-4184-83C2-5688518DE0A2}.Debug|Any CPU.Build.0 = Debug|Any CPU
		{9430B2F5-16E7-4184-83C2-5688518DE0A2}.Release|Any CPU.ActiveCfg = Release|Any CPU
		{9430B2F5-16E7-4184-83C2-5688518DE0A2}.Release|Any CPU.Build.0 = Release|Any CPU
	EndGlobalSection
	GlobalSection(SolutionProperties) = preSolution
		HideSolutionNode = FALSE
	EndGlobalSection
	GlobalSection(ExtensibilityGlobals) = postSolution
		SolutionGuid = {369BB8F4-3CF9-4E95-8272-F42476F95D67}
	EndGlobalSection
EndGlobal
